// !$*UTF8*$!
{
	archiveVersion = 1;
	classes = {
	};
	objectVersion = 46;
	objects = {

/* Begin PBXBuildFile section */
		23E578041AEE9865005CEC27 /* AppDelegate.swift in Sources */ = {isa = PBXBuildFile; fileRef = 23E578031AEE9865005CEC27 /* AppDelegate.swift */; };
		23E578061AEE9865005CEC27 /* ConverterViewController.swift in Sources */ = {isa = PBXBuildFile; fileRef = 23E578051AEE9865005CEC27 /* ConverterViewController.swift */; };
		23E578091AEE9865005CEC27 /* Main.storyboard in Resources */ = {isa = PBXBuildFile; fileRef = 23E578071AEE9865005CEC27 /* Main.storyboard */; };
		23E5780B1AEE9865005CEC27 /* Images.xcassets in Resources */ = {isa = PBXBuildFile; fileRef = 23E5780A1AEE9865005CEC27 /* Images.xcassets */; };
		23E5780E1AEE9865005CEC27 /* LaunchScreen.xib in Resources */ = {isa = PBXBuildFile; fileRef = 23E5780C1AEE9865005CEC27 /* LaunchScreen.xib */; };
		23E5781A1AEE9865005CEC27 /* ConverterTests.swift in Sources */ = {isa = PBXBuildFile; fileRef = 23E578191AEE9865005CEC27 /* ConverterTests.swift */; };
		23E578801AEEBEE9005CEC27 /* AsyncButton.swift in Sources */ = {isa = PBXBuildFile; fileRef = 23E578621AEEBEE9005CEC27 /* AsyncButton.swift */; };
		23E578811AEEBEE9005CEC27 /* AsyncImageView.swift in Sources */ = {isa = PBXBuildFile; fileRef = 23E578631AEEBEE9005CEC27 /* AsyncImageView.swift */; };
		23E578821AEEBEE9005CEC27 /* AutoTextView.swift in Sources */ = {isa = PBXBuildFile; fileRef = 23E578641AEEBEE9005CEC27 /* AutoTextView.swift */; };
		23E578831AEEBEE9005CEC27 /* BlurView.swift in Sources */ = {isa = PBXBuildFile; fileRef = 23E578651AEEBEE9005CEC27 /* BlurView.swift */; };
		23E578841AEEBEE9005CEC27 /* DesignableButton.swift in Sources */ = {isa = PBXBuildFile; fileRef = 23E578661AEEBEE9005CEC27 /* DesignableButton.swift */; };
		23E578851AEEBEE9005CEC27 /* DesignableImageView.swift in Sources */ = {isa = PBXBuildFile; fileRef = 23E578671AEEBEE9005CEC27 /* DesignableImageView.swift */; };
		23E578861AEEBEE9005CEC27 /* DesignableLabel.swift in Sources */ = {isa = PBXBuildFile; fileRef = 23E578681AEEBEE9005CEC27 /* DesignableLabel.swift */; };
		23E578871AEEBEE9005CEC27 /* DesignableTabBarController.swift in Sources */ = {isa = PBXBuildFile; fileRef = 23E578691AEEBEE9005CEC27 /* DesignableTabBarController.swift */; };
		23E578881AEEBEE9005CEC27 /* DesignableTextField.swift in Sources */ = {isa = PBXBuildFile; fileRef = 23E5786A1AEEBEE9005CEC27 /* DesignableTextField.swift */; };
		23E578891AEEBEE9005CEC27 /* DesignableTextView.swift in Sources */ = {isa = PBXBuildFile; fileRef = 23E5786B1AEEBEE9005CEC27 /* DesignableTextView.swift */; };
		23E5788A1AEEBEE9005CEC27 /* DesignableView.swift in Sources */ = {isa = PBXBuildFile; fileRef = 23E5786C1AEEBEE9005CEC27 /* DesignableView.swift */; };
		23E5788B1AEEBEE9005CEC27 /* ImageLoader.swift in Sources */ = {isa = PBXBuildFile; fileRef = 23E5786D1AEEBEE9005CEC27 /* ImageLoader.swift */; };
		23E5788C1AEEBEE9005CEC27 /* Info.plist in Resources */ = {isa = PBXBuildFile; fileRef = 23E5786E1AEEBEE9005CEC27 /* Info.plist */; };
		23E5788D1AEEBEE9005CEC27 /* KeyboardLayoutConstraint.swift in Sources */ = {isa = PBXBuildFile; fileRef = 23E5786F1AEEBEE9005CEC27 /* KeyboardLayoutConstraint.swift */; };
		23E5788E1AEEBEE9005CEC27 /* LoadingView.swift in Sources */ = {isa = PBXBuildFile; fileRef = 23E578701AEEBEE9005CEC27 /* LoadingView.swift */; };
		23E5788F1AEEBEE9005CEC27 /* LoadingView.xib in Resources */ = {isa = PBXBuildFile; fileRef = 23E578711AEEBEE9005CEC27 /* LoadingView.xib */; };
		23E578901AEEBEE9005CEC27 /* Misc.swift in Sources */ = {isa = PBXBuildFile; fileRef = 23E578721AEEBEE9005CEC27 /* Misc.swift */; };
		23E578911AEEBEE9005CEC27 /* SoundPlayer.swift in Sources */ = {isa = PBXBuildFile; fileRef = 23E578731AEEBEE9005CEC27 /* SoundPlayer.swift */; };
		23E578921AEEBEE9005CEC27 /* Spring.swift in Sources */ = {isa = PBXBuildFile; fileRef = 23E578751AEEBEE9005CEC27 /* Spring.swift */; };
		23E578931AEEBEE9005CEC27 /* SpringAnimation.swift in Sources */ = {isa = PBXBuildFile; fileRef = 23E578761AEEBEE9005CEC27 /* SpringAnimation.swift */; };
		23E578941AEEBEE9005CEC27 /* SpringButton.swift in Sources */ = {isa = PBXBuildFile; fileRef = 23E578771AEEBEE9005CEC27 /* SpringButton.swift */; };
		23E578951AEEBEE9005CEC27 /* SpringImageView.swift in Sources */ = {isa = PBXBuildFile; fileRef = 23E578781AEEBEE9005CEC27 /* SpringImageView.swift */; };
		23E578961AEEBEE9005CEC27 /* SpringLabel.swift in Sources */ = {isa = PBXBuildFile; fileRef = 23E578791AEEBEE9005CEC27 /* SpringLabel.swift */; };
		23E578971AEEBEE9005CEC27 /* SpringTextField.swift in Sources */ = {isa = PBXBuildFile; fileRef = 23E5787A1AEEBEE9005CEC27 /* SpringTextField.swift */; };
		23E578981AEEBEE9005CEC27 /* SpringTextView.swift in Sources */ = {isa = PBXBuildFile; fileRef = 23E5787B1AEEBEE9005CEC27 /* SpringTextView.swift */; };
		23E578991AEEBEE9005CEC27 /* SpringView.swift in Sources */ = {isa = PBXBuildFile; fileRef = 23E5787C1AEEBEE9005CEC27 /* SpringView.swift */; };
		23E5789A1AEEBEE9005CEC27 /* TransitionManager.swift in Sources */ = {isa = PBXBuildFile; fileRef = 23E5787D1AEEBEE9005CEC27 /* TransitionManager.swift */; };
		23E5789B1AEEBEE9005CEC27 /* TransitionZoom.swift in Sources */ = {isa = PBXBuildFile; fileRef = 23E5787E1AEEBEE9005CEC27 /* TransitionZoom.swift */; };
		23E5789C1AEEBEE9005CEC27 /* UnwindSegue.swift in Sources */ = {isa = PBXBuildFile; fileRef = 23E5787F1AEEBEE9005CEC27 /* UnwindSegue.swift */; };
/* End PBXBuildFile section */

/* Begin PBXContainerItemProxy section */
		23E578141AEE9865005CEC27 /* PBXContainerItemProxy */ = {
			isa = PBXContainerItemProxy;
			containerPortal = 23E577F61AEE9865005CEC27 /* Project object */;
			proxyType = 1;
			remoteGlobalIDString = 23E577FD1AEE9865005CEC27;
			remoteInfo = Converter;
		};
/* End PBXContainerItemProxy section */

/* Begin PBXFileReference section */
		23E577FE1AEE9865005CEC27 /* Converter.app */ = {isa = PBXFileReference; explicitFileType = wrapper.application; includeInIndex = 0; path = Converter.app; sourceTree = BUILT_PRODUCTS_DIR; };
		23E578021AEE9865005CEC27 /* Info.plist */ = {isa = PBXFileReference; lastKnownFileType = text.plist.xml; path = Info.plist; sourceTree = "<group>"; };
		23E578031AEE9865005CEC27 /* AppDelegate.swift */ = {isa = PBXFileReference; lastKnownFileType = sourcecode.swift; path = AppDelegate.swift; sourceTree = "<group>"; };
		23E578051AEE9865005CEC27 /* ConverterViewController.swift */ = {isa = PBXFileReference; lastKnownFileType = sourcecode.swift; path = ConverterViewController.swift; sourceTree = "<group>"; };
		23E578081AEE9865005CEC27 /* Base */ = {isa = PBXFileReference; lastKnownFileType = file.storyboard; name = Base; path = Base.lproj/Main.storyboard; sourceTree = "<group>"; };
		23E5780A1AEE9865005CEC27 /* Images.xcassets */ = {isa = PBXFileReference; lastKnownFileType = folder.assetcatalog; path = Images.xcassets; sourceTree = "<group>"; };
		23E5780D1AEE9865005CEC27 /* Base */ = {isa = PBXFileReference; lastKnownFileType = file.xib; name = Base; path = Base.lproj/LaunchScreen.xib; sourceTree = "<group>"; };
		23E578131AEE9865005CEC27 /* ConverterTests.xctest */ = {isa = PBXFileReference; explicitFileType = wrapper.cfbundle; includeInIndex = 0; path = ConverterTests.xctest; sourceTree = BUILT_PRODUCTS_DIR; };
		23E578181AEE9865005CEC27 /* Info.plist */ = {isa = PBXFileReference; lastKnownFileType = text.plist.xml; path = Info.plist; sourceTree = "<group>"; };
		23E578191AEE9865005CEC27 /* ConverterTests.swift */ = {isa = PBXFileReference; lastKnownFileType = sourcecode.swift; path = ConverterTests.swift; sourceTree = "<group>"; };
		23E578621AEEBEE9005CEC27 /* AsyncButton.swift */ = {isa = PBXFileReference; fileEncoding = 4; lastKnownFileType = sourcecode.swift; path = AsyncButton.swift; sourceTree = "<group>"; };
		23E578631AEEBEE9005CEC27 /* AsyncImageView.swift */ = {isa = PBXFileReference; fileEncoding = 4; lastKnownFileType = sourcecode.swift; path = AsyncImageView.swift; sourceTree = "<group>"; };
		23E578641AEEBEE9005CEC27 /* AutoTextView.swift */ = {isa = PBXFileReference; fileEncoding = 4; lastKnownFileType = sourcecode.swift; path = AutoTextView.swift; sourceTree = "<group>"; };
		23E578651AEEBEE9005CEC27 /* BlurView.swift */ = {isa = PBXFileReference; fileEncoding = 4; lastKnownFileType = sourcecode.swift; path = BlurView.swift; sourceTree = "<group>"; };
		23E578661AEEBEE9005CEC27 /* DesignableButton.swift */ = {isa = PBXFileReference; fileEncoding = 4; lastKnownFileType = sourcecode.swift; path = DesignableButton.swift; sourceTree = "<group>"; };
		23E578671AEEBEE9005CEC27 /* DesignableImageView.swift */ = {isa = PBXFileReference; fileEncoding = 4; lastKnownFileType = sourcecode.swift; path = DesignableImageView.swift; sourceTree = "<group>"; };
		23E578681AEEBEE9005CEC27 /* DesignableLabel.swift */ = {isa = PBXFileReference; fileEncoding = 4; lastKnownFileType = sourcecode.swift; path = DesignableLabel.swift; sourceTree = "<group>"; };
		23E578691AEEBEE9005CEC27 /* DesignableTabBarController.swift */ = {isa = PBXFileReference; fileEncoding = 4; lastKnownFileType = sourcecode.swift; path = DesignableTabBarController.swift; sourceTree = "<group>"; };
		23E5786A1AEEBEE9005CEC27 /* DesignableTextField.swift */ = {isa = PBXFileReference; fileEncoding = 4; lastKnownFileType = sourcecode.swift; path = DesignableTextField.swift; sourceTree = "<group>"; };
		23E5786B1AEEBEE9005CEC27 /* DesignableTextView.swift */ = {isa = PBXFileReference; fileEncoding = 4; lastKnownFileType = sourcecode.swift; path = DesignableTextView.swift; sourceTree = "<group>"; };
		23E5786C1AEEBEE9005CEC27 /* DesignableView.swift */ = {isa = PBXFileReference; fileEncoding = 4; lastKnownFileType = sourcecode.swift; path = DesignableView.swift; sourceTree = "<group>"; };
		23E5786D1AEEBEE9005CEC27 /* ImageLoader.swift */ = {isa = PBXFileReference; fileEncoding = 4; lastKnownFileType = sourcecode.swift; path = ImageLoader.swift; sourceTree = "<group>"; };
		23E5786E1AEEBEE9005CEC27 /* Info.plist */ = {isa = PBXFileReference; fileEncoding = 4; lastKnownFileType = text.plist.xml; path = Info.plist; sourceTree = "<group>"; };
		23E5786F1AEEBEE9005CEC27 /* KeyboardLayoutConstraint.swift */ = {isa = PBXFileReference; fileEncoding = 4; lastKnownFileType = sourcecode.swift; path = KeyboardLayoutConstraint.swift; sourceTree = "<group>"; };
		23E578701AEEBEE9005CEC27 /* LoadingView.swift */ = {isa = PBXFileReference; fileEncoding = 4; lastKnownFileType = sourcecode.swift; path = LoadingView.swift; sourceTree = "<group>"; };
		23E578711AEEBEE9005CEC27 /* LoadingView.xib */ = {isa = PBXFileReference; fileEncoding = 4; lastKnownFileType = file.xib; path = LoadingView.xib; sourceTree = "<group>"; };
		23E578721AEEBEE9005CEC27 /* Misc.swift */ = {isa = PBXFileReference; fileEncoding = 4; lastKnownFileType = sourcecode.swift; path = Misc.swift; sourceTree = "<group>"; };
		23E578731AEEBEE9005CEC27 /* SoundPlayer.swift */ = {isa = PBXFileReference; fileEncoding = 4; lastKnownFileType = sourcecode.swift; path = SoundPlayer.swift; sourceTree = "<group>"; };
		23E578741AEEBEE9005CEC27 /* Spring.h */ = {isa = PBXFileReference; fileEncoding = 4; lastKnownFileType = sourcecode.c.h; path = Spring.h; sourceTree = "<group>"; };
		23E578751AEEBEE9005CEC27 /* Spring.swift */ = {isa = PBXFileReference; fileEncoding = 4; lastKnownFileType = sourcecode.swift; path = Spring.swift; sourceTree = "<group>"; };
		23E578761AEEBEE9005CEC27 /* SpringAnimation.swift */ = {isa = PBXFileReference; fileEncoding = 4; lastKnownFileType = sourcecode.swift; path = SpringAnimation.swift; sourceTree = "<group>"; };
		23E578771AEEBEE9005CEC27 /* SpringButton.swift */ = {isa = PBXFileReference; fileEncoding = 4; lastKnownFileType = sourcecode.swift; path = SpringButton.swift; sourceTree = "<group>"; };
		23E578781AEEBEE9005CEC27 /* SpringImageView.swift */ = {isa = PBXFileReference; fileEncoding = 4; lastKnownFileType = sourcecode.swift; path = SpringImageView.swift; sourceTree = "<group>"; };
		23E578791AEEBEE9005CEC27 /* SpringLabel.swift */ = {isa = PBXFileReference; fileEncoding = 4; lastKnownFileType = sourcecode.swift; path = SpringLabel.swift; sourceTree = "<group>"; };
		23E5787A1AEEBEE9005CEC27 /* SpringTextField.swift */ = {isa = PBXFileReference; fileEncoding = 4; lastKnownFileType = sourcecode.swift; path = SpringTextField.swift; sourceTree = "<group>"; };
		23E5787B1AEEBEE9005CEC27 /* SpringTextView.swift */ = {isa = PBXFileReference; fileEncoding = 4; lastKnownFileType = sourcecode.swift; path = SpringTextView.swift; sourceTree = "<group>"; };
		23E5787C1AEEBEE9005CEC27 /* SpringView.swift */ = {isa = PBXFileReference; fileEncoding = 4; lastKnownFileType = sourcecode.swift; path = SpringView.swift; sourceTree = "<group>"; };
		23E5787D1AEEBEE9005CEC27 /* TransitionManager.swift */ = {isa = PBXFileReference; fileEncoding = 4; lastKnownFileType = sourcecode.swift; path = TransitionManager.swift; sourceTree = "<group>"; };
		23E5787E1AEEBEE9005CEC27 /* TransitionZoom.swift */ = {isa = PBXFileReference; fileEncoding = 4; lastKnownFileType = sourcecode.swift; path = TransitionZoom.swift; sourceTree = "<group>"; };
		23E5787F1AEEBEE9005CEC27 /* UnwindSegue.swift */ = {isa = PBXFileReference; fileEncoding = 4; lastKnownFileType = sourcecode.swift; path = UnwindSegue.swift; sourceTree = "<group>"; };
/* End PBXFileReference section */

/* Begin PBXFrameworksBuildPhase section */
		23E577FB1AEE9865005CEC27 /* Frameworks */ = {
			isa = PBXFrameworksBuildPhase;
			buildActionMask = 2147483647;
			files = (
			);
			runOnlyForDeploymentPostprocessing = 0;
		};
		23E578101AEE9865005CEC27 /* Frameworks */ = {
			isa = PBXFrameworksBuildPhase;
			buildActionMask = 2147483647;
			files = (
			);
			runOnlyForDeploymentPostprocessing = 0;
		};
/* End PBXFrameworksBuildPhase section */

/* Begin PBXGroup section */
		23E577F51AEE9865005CEC27 = {
			isa = PBXGroup;
			children = (
				23E578001AEE9865005CEC27 /* Converter */,
				23E578161AEE9865005CEC27 /* ConverterTests */,
				23E577FF1AEE9865005CEC27 /* Products */,
			);
			sourceTree = "<group>";
		};
		23E577FF1AEE9865005CEC27 /* Products */ = {
			isa = PBXGroup;
			children = (
				23E577FE1AEE9865005CEC27 /* Converter.app */,
				23E578131AEE9865005CEC27 /* ConverterTests.xctest */,
			);
			name = Products;
			sourceTree = "<group>";
		};
		23E578001AEE9865005CEC27 /* Converter */ = {
			isa = PBXGroup;
			children = (
				23E578611AEEBEE9005CEC27 /* Spring */,
				23E578031AEE9865005CEC27 /* AppDelegate.swift */,
				23E578051AEE9865005CEC27 /* ConverterViewController.swift */,
				23E578071AEE9865005CEC27 /* Main.storyboard */,
				23E5780A1AEE9865005CEC27 /* Images.xcassets */,
				23E5780C1AEE9865005CEC27 /* LaunchScreen.xib */,
				23E578011AEE9865005CEC27 /* Supporting Files */,
			);
			path = Converter;
			sourceTree = "<group>";
		};
		23E578011AEE9865005CEC27 /* Supporting Files */ = {
			isa = PBXGroup;
			children = (
				23E578021AEE9865005CEC27 /* Info.plist */,
			);
			name = "Supporting Files";
			sourceTree = "<group>";
		};
		23E578161AEE9865005CEC27 /* ConverterTests */ = {
			isa = PBXGroup;
			children = (
				23E578191AEE9865005CEC27 /* ConverterTests.swift */,
				23E578171AEE9865005CEC27 /* Supporting Files */,
			);
			path = ConverterTests;
			sourceTree = "<group>";
		};
		23E578171AEE9865005CEC27 /* Supporting Files */ = {
			isa = PBXGroup;
			children = (
				23E578181AEE9865005CEC27 /* Info.plist */,
			);
			name = "Supporting Files";
			sourceTree = "<group>";
		};
		23E578611AEEBEE9005CEC27 /* Spring */ = {
			isa = PBXGroup;
			children = (
				23E578621AEEBEE9005CEC27 /* AsyncButton.swift */,
				23E578631AEEBEE9005CEC27 /* AsyncImageView.swift */,
				23E578641AEEBEE9005CEC27 /* AutoTextView.swift */,
				23E578651AEEBEE9005CEC27 /* BlurView.swift */,
				23E578661AEEBEE9005CEC27 /* DesignableButton.swift */,
				23E578671AEEBEE9005CEC27 /* DesignableImageView.swift */,
				23E578681AEEBEE9005CEC27 /* DesignableLabel.swift */,
				23E578691AEEBEE9005CEC27 /* DesignableTabBarController.swift */,
				23E5786A1AEEBEE9005CEC27 /* DesignableTextField.swift */,
				23E5786B1AEEBEE9005CEC27 /* DesignableTextView.swift */,
				23E5786C1AEEBEE9005CEC27 /* DesignableView.swift */,
				23E5786D1AEEBEE9005CEC27 /* ImageLoader.swift */,
				23E5786E1AEEBEE9005CEC27 /* Info.plist */,
				23E5786F1AEEBEE9005CEC27 /* KeyboardLayoutConstraint.swift */,
				23E578701AEEBEE9005CEC27 /* LoadingView.swift */,
				23E578711AEEBEE9005CEC27 /* LoadingView.xib */,
				23E578721AEEBEE9005CEC27 /* Misc.swift */,
				23E578731AEEBEE9005CEC27 /* SoundPlayer.swift */,
				23E578741AEEBEE9005CEC27 /* Spring.h */,
				23E578751AEEBEE9005CEC27 /* Spring.swift */,
				23E578761AEEBEE9005CEC27 /* SpringAnimation.swift */,
				23E578771AEEBEE9005CEC27 /* SpringButton.swift */,
				23E578781AEEBEE9005CEC27 /* SpringImageView.swift */,
				23E578791AEEBEE9005CEC27 /* SpringLabel.swift */,
				23E5787A1AEEBEE9005CEC27 /* SpringTextField.swift */,
				23E5787B1AEEBEE9005CEC27 /* SpringTextView.swift */,
				23E5787C1AEEBEE9005CEC27 /* SpringView.swift */,
				23E5787D1AEEBEE9005CEC27 /* TransitionManager.swift */,
				23E5787E1AEEBEE9005CEC27 /* TransitionZoom.swift */,
				23E5787F1AEEBEE9005CEC27 /* UnwindSegue.swift */,
			);
			path = Spring;
			sourceTree = "<group>";
		};
/* End PBXGroup section */

/* Begin PBXNativeTarget section */
		23E577FD1AEE9865005CEC27 /* Converter */ = {
			isa = PBXNativeTarget;
			buildConfigurationList = 23E5781D1AEE9865005CEC27 /* Build configuration list for PBXNativeTarget "Converter" */;
			buildPhases = (
				23E577FA1AEE9865005CEC27 /* Sources */,
				23E577FB1AEE9865005CEC27 /* Frameworks */,
				23E577FC1AEE9865005CEC27 /* Resources */,
			);
			buildRules = (
			);
			dependencies = (
			);
			name = Converter;
			productName = Converter;
			productReference = 23E577FE1AEE9865005CEC27 /* Converter.app */;
			productType = "com.apple.product-type.application";
		};
		23E578121AEE9865005CEC27 /* ConverterTests */ = {
			isa = PBXNativeTarget;
			buildConfigurationList = 23E578201AEE9865005CEC27 /* Build configuration list for PBXNativeTarget "ConverterTests" */;
			buildPhases = (
				23E5780F1AEE9865005CEC27 /* Sources */,
				23E578101AEE9865005CEC27 /* Frameworks */,
				23E578111AEE9865005CEC27 /* Resources */,
			);
			buildRules = (
			);
			dependencies = (
				23E578151AEE9865005CEC27 /* PBXTargetDependency */,
			);
			name = ConverterTests;
			productName = ConverterTests;
			productReference = 23E578131AEE9865005CEC27 /* ConverterTests.xctest */;
			productType = "com.apple.product-type.bundle.unit-test";
		};
/* End PBXNativeTarget section */

/* Begin PBXProject section */
		23E577F61AEE9865005CEC27 /* Project object */ = {
			isa = PBXProject;
			attributes = {
				LastUpgradeCheck = 0630;
				ORGANIZATIONNAME = "Mai Apps";
				TargetAttributes = {
					23E577FD1AEE9865005CEC27 = {
						CreatedOnToolsVersion = 6.3.1;
						DevelopmentTeam = KKC997W6SE;
					};
					23E578121AEE9865005CEC27 = {
						CreatedOnToolsVersion = 6.3.1;
						TestTargetID = 23E577FD1AEE9865005CEC27;
					};
				};
			};
			buildConfigurationList = 23E577F91AEE9865005CEC27 /* Build configuration list for PBXProject "Converter" */;
			compatibilityVersion = "Xcode 3.2";
			developmentRegion = English;
			hasScannedForEncodings = 0;
			knownRegions = (
				en,
				Base,
			);
			mainGroup = 23E577F51AEE9865005CEC27;
			productRefGroup = 23E577FF1AEE9865005CEC27 /* Products */;
			projectDirPath = "";
			projectRoot = "";
			targets = (
				23E577FD1AEE9865005CEC27 /* Converter */,
				23E578121AEE9865005CEC27 /* ConverterTests */,
			);
		};
/* End PBXProject section */

/* Begin PBXResourcesBuildPhase section */
		23E577FC1AEE9865005CEC27 /* Resources */ = {
			isa = PBXResourcesBuildPhase;
			buildActionMask = 2147483647;
			files = (
				23E5788C1AEEBEE9005CEC27 /* Info.plist in Resources */,
				23E578091AEE9865005CEC27 /* Main.storyboard in Resources */,
				23E5780E1AEE9865005CEC27 /* LaunchScreen.xib in Resources */,
				23E5780B1AEE9865005CEC27 /* Images.xcassets in Resources */,
				23E5788F1AEEBEE9005CEC27 /* LoadingView.xib in Resources */,
			);
			runOnlyForDeploymentPostprocessing = 0;
		};
		23E578111AEE9865005CEC27 /* Resources */ = {
			isa = PBXResourcesBuildPhase;
			buildActionMask = 2147483647;
			files = (
			);
			runOnlyForDeploymentPostprocessing = 0;
		};
/* End PBXResourcesBuildPhase section */

/* Begin PBXSourcesBuildPhase section */
		23E577FA1AEE9865005CEC27 /* Sources */ = {
			isa = PBXSourcesBuildPhase;
			buildActionMask = 2147483647;
			files = (
				23E578961AEEBEE9005CEC27 /* SpringLabel.swift in Sources */,
				23E5788B1AEEBEE9005CEC27 /* ImageLoader.swift in Sources */,
				23E578901AEEBEE9005CEC27 /* Misc.swift in Sources */,
				23E578851AEEBEE9005CEC27 /* DesignableImageView.swift in Sources */,
				23E578951AEEBEE9005CEC27 /* SpringImageView.swift in Sources */,
				23E578061AEE9865005CEC27 /* ConverterViewController.swift in Sources */,
				23E578911AEEBEE9005CEC27 /* SoundPlayer.swift in Sources */,
				23E578981AEEBEE9005CEC27 /* SpringTextView.swift in Sources */,
				23E578041AEE9865005CEC27 /* AppDelegate.swift in Sources */,
				23E5788A1AEEBEE9005CEC27 /* DesignableView.swift in Sources */,
				23E578931AEEBEE9005CEC27 /* SpringAnimation.swift in Sources */,
				23E578921AEEBEE9005CEC27 /* Spring.swift in Sources */,
				23E5788E1AEEBEE9005CEC27 /* LoadingView.swift in Sources */,
				23E578971AEEBEE9005CEC27 /* SpringTextField.swift in Sources */,
				23E578841AEEBEE9005CEC27 /* DesignableButton.swift in Sources */,
				23E578881AEEBEE9005CEC27 /* DesignableTextField.swift in Sources */,
				23E578801AEEBEE9005CEC27 /* AsyncButton.swift in Sources */,
				23E5788D1AEEBEE9005CEC27 /* KeyboardLayoutConstraint.swift in Sources */,
				23E578941AEEBEE9005CEC27 /* SpringButton.swift in Sources */,
				23E578811AEEBEE9005CEC27 /* AsyncImageView.swift in Sources */,
				23E578871AEEBEE9005CEC27 /* DesignableTabBarController.swift in Sources */,
				23E578821AEEBEE9005CEC27 /* AutoTextView.swift in Sources */,
				23E578891AEEBEE9005CEC27 /* DesignableTextView.swift in Sources */,
				23E578861AEEBEE9005CEC27 /* DesignableLabel.swift in Sources */,
				23E5789C1AEEBEE9005CEC27 /* UnwindSegue.swift in Sources */,
				23E5789A1AEEBEE9005CEC27 /* TransitionManager.swift in Sources */,
				23E578831AEEBEE9005CEC27 /* BlurView.swift in Sources */,
				23E578991AEEBEE9005CEC27 /* SpringView.swift in Sources */,
				23E5789B1AEEBEE9005CEC27 /* TransitionZoom.swift in Sources */,
			);
			runOnlyForDeploymentPostprocessing = 0;
		};
		23E5780F1AEE9865005CEC27 /* Sources */ = {
			isa = PBXSourcesBuildPhase;
			buildActionMask = 2147483647;
			files = (
				23E5781A1AEE9865005CEC27 /* ConverterTests.swift in Sources */,
			);
			runOnlyForDeploymentPostprocessing = 0;
		};
/* End PBXSourcesBuildPhase section */

/* Begin PBXTargetDependency section */
		23E578151AEE9865005CEC27 /* PBXTargetDependency */ = {
			isa = PBXTargetDependency;
			target = 23E577FD1AEE9865005CEC27 /* Converter */;
			targetProxy = 23E578141AEE9865005CEC27 /* PBXContainerItemProxy */;
		};
/* End PBXTargetDependency section */

/* Begin PBXVariantGroup section */
		23E578071AEE9865005CEC27 /* Main.storyboard */ = {
			isa = PBXVariantGroup;
			children = (
				23E578081AEE9865005CEC27 /* Base */,
			);
			name = Main.storyboard;
			sourceTree = "<group>";
		};
		23E5780C1AEE9865005CEC27 /* LaunchScreen.xib */ = {
			isa = PBXVariantGroup;
			children = (
				23E5780D1AEE9865005CEC27 /* Base */,
			);
			name = LaunchScreen.xib;
			sourceTree = "<group>";
		};
/* End PBXVariantGroup section */

/* Begin XCBuildConfiguration section */
		23E5781B1AEE9865005CEC27 /* Debug */ = {
			isa = XCBuildConfiguration;
			buildSettings = {
				ALWAYS_SEARCH_USER_PATHS = NO;
				CLANG_CXX_LANGUAGE_STANDARD = "gnu++0x";
				CLANG_CXX_LIBRARY = "libc++";
				CLANG_ENABLE_MODULES = YES;
				CLANG_ENABLE_OBJC_ARC = YES;
				CLANG_WARN_BOOL_CONVERSION = YES;
				CLANG_WARN_CONSTANT_CONVERSION = YES;
				CLANG_WARN_DIRECT_OBJC_ISA_USAGE = YES_ERROR;
				CLANG_WARN_EMPTY_BODY = YES;
				CLANG_WARN_ENUM_CONVERSION = YES;
				CLANG_WARN_INT_CONVERSION = YES;
				CLANG_WARN_OBJC_ROOT_CLASS = YES_ERROR;
				CLANG_WARN_UNREACHABLE_CODE = YES;
				CLANG_WARN__DUPLICATE_METHOD_MATCH = YES;
				"CODE_SIGN_IDENTITY[sdk=iphoneos*]" = "iPhone Developer";
				COPY_PHASE_STRIP = NO;
				DEBUG_INFORMATION_FORMAT = "dwarf-with-dsym";
				ENABLE_STRICT_OBJC_MSGSEND = YES;
				GCC_C_LANGUAGE_STANDARD = gnu99;
				GCC_DYNAMIC_NO_PIC = NO;
				GCC_NO_COMMON_BLOCKS = YES;
				GCC_OPTIMIZATION_LEVEL = 0;
				GCC_PREPROCESSOR_DEFINITIONS = (
					"DEBUG=1",
					"$(inherited)",
				);
				GCC_SYMBOLS_PRIVATE_EXTERN = NO;
				GCC_WARN_64_TO_32_BIT_CONVERSION = YES;
				GCC_WARN_ABOUT_RETURN_TYPE = YES_ERROR;
				GCC_WARN_UNDECLARED_SELECTOR = YES;
				GCC_WARN_UNINITIALIZED_AUTOS = YES_AGGRESSIVE;
				GCC_WARN_UNUSED_FUNCTION = YES;
				GCC_WARN_UNUSED_VARIABLE = YES;
				IPHONEOS_DEPLOYMENT_TARGET = 8.3;
				MTL_ENABLE_DEBUG_INFO = YES;
				ONLY_ACTIVE_ARCH = YES;
				SDKROOT = iphoneos;
				SWIFT_OPTIMIZATION_LEVEL = "-Onone";
			};
			name = Debug;
		};
		23E5781C1AEE9865005CEC27 /* Release */ = {
			isa = XCBuildConfiguration;
			buildSettings = {
				ALWAYS_SEARCH_USER_PATHS = NO;
				CLANG_CXX_LANGUAGE_STANDARD = "gnu++0x";
				CLANG_CXX_LIBRARY = "libc++";
				CLANG_ENABLE_MODULES = YES;
				CLANG_ENABLE_OBJC_ARC = YES;
				CLANG_WARN_BOOL_CONVERSION = YES;
				CLANG_WARN_CONSTANT_CONVERSION = YES;
				CLANG_WARN_DIRECT_OBJC_ISA_USAGE = YES_ERROR;
				CLANG_WARN_EMPTY_BODY = YES;
				CLANG_WARN_ENUM_CONVERSION = YES;
				CLANG_WARN_INT_CONVERSION = YES;
				CLANG_WARN_OBJC_ROOT_CLASS = YES_ERROR;
				CLANG_WARN_UNREACHABLE_CODE = YES;
				CLANG_WARN__DUPLICATE_METHOD_MATCH = YES;
				"CODE_SIGN_IDENTITY[sdk=iphoneos*]" = "iPhone Developer";
				COPY_PHASE_STRIP = NO;
				DEBUG_INFORMATION_FORMAT = "dwarf-with-dsym";
				ENABLE_NS_ASSERTIONS = NO;
				ENABLE_STRICT_OBJC_MSGSEND = YES;
				GCC_C_LANGUAGE_STANDARD = gnu99;
				GCC_NO_COMMON_BLOCKS = YES;
				GCC_WARN_64_TO_32_BIT_CONVERSION = YES;
				GCC_WARN_ABOUT_RETURN_TYPE = YES_ERROR;
				GCC_WARN_UNDECLARED_SELECTOR = YES;
				GCC_WARN_UNINITIALIZED_AUTOS = YES_AGGRESSIVE;
				GCC_WARN_UNUSED_FUNCTION = YES;
				GCC_WARN_UNUSED_VARIABLE = YES;
				IPHONEOS_DEPLOYMENT_TARGET = 8.3;
				MTL_ENABLE_DEBUG_INFO = NO;
				SDKROOT = iphoneos;
				VALIDATE_PRODUCT = YES;
			};
			name = Release;
		};
		23E5781E1AEE9865005CEC27 /* Debug */ = {
			isa = XCBuildConfiguration;
			buildSettings = {
				ASSETCATALOG_COMPILER_APPICON_NAME = AppIcon;
				CODE_SIGN_IDENTITY = "iPhone Developer";
				INFOPLIST_FILE = Converter/Info.plist;
				IPHONEOS_DEPLOYMENT_TARGET = 8.3;
				LD_RUNPATH_SEARCH_PATHS = "$(inherited) @executable_path/Frameworks";
				PRODUCT_NAME = "$(TARGET_NAME)";
				TARGETED_DEVICE_FAMILY = 1;
			};
			name = Debug;
		};
		23E5781F1AEE9865005CEC27 /* Release */ = {
			isa = XCBuildConfiguration;
			buildSettings = {
				ASSETCATALOG_COMPILER_APPICON_NAME = AppIcon;
				CODE_SIGN_IDENTITY = "iPhone Developer";
				INFOPLIST_FILE = Converter/Info.plist;
				IPHONEOS_DEPLOYMENT_TARGET = 8.3;
				LD_RUNPATH_SEARCH_PATHS = "$(inherited) @executable_path/Frameworks";
				PRODUCT_NAME = "$(TARGET_NAME)";
				TARGETED_DEVICE_FAMILY = 1;
			};
			name = Release;
		};
		23E578211AEE9865005CEC27 /* Debug */ = {
			isa = XCBuildConfiguration;
			buildSettings = {
				BUNDLE_LOADER = "$(TEST_HOST)";
				FRAMEWORK_SEARCH_PATHS = (
					"$(SDKROOT)/Developer/Library/Frameworks",
					"$(inherited)",
				);
				GCC_PREPROCESSOR_DEFINITIONS = (
					"DEBUG=1",
					"$(inherited)",
				);
				INFOPLIST_FILE = ConverterTests/Info.plist;
				LD_RUNPATH_SEARCH_PATHS = "$(inherited) @executable_path/Frameworks @loader_path/Frameworks";
				PRODUCT_NAME = "$(TARGET_NAME)";
				TEST_HOST = "$(BUILT_PRODUCTS_DIR)/Converter.app/Converter";
			};
			name = Debug;
		};
		23E578221AEE9865005CEC27 /* Release */ = {
			isa = XCBuildConfiguration;
			buildSettings = {
				BUNDLE_LOADER = "$(TEST_HOST)";
				FRAMEWORK_SEARCH_PATHS = (
					"$(SDKROOT)/Developer/Library/Frameworks",
					"$(inherited)",
				);
				INFOPLIST_FILE = ConverterTests/Info.plist;
				LD_RUNPATH_SEARCH_PATHS = "$(inherited) @executable_path/Frameworks @loader_path/Frameworks";
				PRODUCT_NAME = "$(TARGET_NAME)";
				TEST_HOST = "$(BUILT_PRODUCTS_DIR)/Converter.app/Converter";
			};
			name = Release;
		};
/* End XCBuildConfiguration section */

/* Begin XCConfigurationList section */
		23E577F91AEE9865005CEC27 /* Build configuration list for PBXProject "Converter" */ = {
			isa = XCConfigurationList;
			buildConfigurations = (
				23E5781B1AEE9865005CEC27 /* Debug */,
				23E5781C1AEE9865005CEC27 /* Release */,
			);
			defaultConfigurationIsVisible = 0;
			defaultConfigurationName = Release;
		};
		23E5781D1AEE9865005CEC27 /* Build configuration list for PBXNativeTarget "Converter" */ = {
			isa = XCConfigurationList;
			buildConfigurations = (
				23E5781E1AEE9865005CEC27 /* Debug */,
				23E5781F1AEE9865005CEC27 /* Release */,
			);
			defaultConfigurationIsVisible = 0;
			defaultConfigurationName = Release;
		};
		23E578201AEE9865005CEC27 /* Build configuration list for PBXNativeTarget "ConverterTests" */ = {
			isa = XCConfigurationList;
			buildConfigurations = (
				23E578211AEE9865005CEC27 /* Debug */,
				23E578221AEE9865005CEC27 /* Release */,
			);
			defaultConfigurationIsVisible = 0;
			defaultConfigurationName = Release;
		};
/* End XCConfigurationList section */
	};
	rootObject = 23E577F61AEE9865005CEC27 /* Project object */;
}
